
Microsoft Visual Studio Solution File, Format Version 12.00
# Visual Studio Version 16
VisualStudioVersion = 16.0.30011.22
MinimumVisualStudioVersion = 10.0.40219.1
Project("{9A19103F-16F7-4668-BE54-9A1E7A4F7556}") = "LearnProject", "LearnProject.csproj", "{AF2E2E2F-8B6E-433B-BAA1-9BA5B72A0E7F}"
EndProject
Project("{2150E333-8FDC-42A3-9474-1A3956D46DE8}") = "Chapter_2_Basics", "Chapter_2_Basics", "{21AFFB01-74BA-4379-8BE5-5D8635635437}"
EndProject
Project("{9A19103F-16F7-4668-BE54-9A1E7A4F7556}") = "ErrorProcessing", "..\ErrorProcessing\ErrorProcessing.csproj", "{2A7804B0-CB51-4D76-9047-E41B83E73E57}"
EndProject
Project("{9A19103F-16F7-4668-BE54-9A1E7A4F7556}") = "HTTPS", "..\HTTPS\HTTPS.csproj", "{19581E0B-639C-469B-BF58-56AB12C2A519}"
EndProject
Project("{2150E333-8FDC-42A3-9474-1A3956D46DE8}") = "Chapter_3_DI", "Chapter_3_DI", "{57FE9F6A-F73F-4536-B4B3-FC8A8606ADD8}"
EndProject
Project("{9A19103F-16F7-4668-BE54-9A1E7A4F7556}") = "Services.ConfigureServices", "..\Services.ConfigureServices\Services.ConfigureServices.csproj", "{436184C4-149B-446B-9035-38D1F4C16B86}"
EndProject
Project("{9A19103F-16F7-4668-BE54-9A1E7A4F7556}") = "Services.CreateOwnServices", "..\Services.CreateOwnServices\Services.CreateOwnServices.csproj", "{FB36B44D-B26C-45B6-B225-DF81D76908A4}"
EndProject
Project("{9A19103F-16F7-4668-BE54-9A1E7A4F7556}") = "Services.PassDependencies", "..\Services.PassDependencies\Services.PassDependencies.csproj", "{2BB67A5F-AEDA-424B-B343-84F04B6D33F4}"
EndProject
Project("{9A19103F-16F7-4668-BE54-9A1E7A4F7556}") = "Services.LifeCircle", "..\Services.LifeCircle\Services.LifeCircle.csproj", "{2C5DEBE5-9D0B-4372-B56D-B88DAFA58F65}"
EndProject
Project("{9A19103F-16F7-4668-BE54-9A1E7A4F7556}") = "Services.Middleware", "..\Services.Middleware\Services.Middleware.csproj", "{E5068462-3A6D-4139-AE82-89F310D574D2}"
EndProject
Project("{9A19103F-16F7-4668-BE54-9A1E7A4F7556}") = "Services.Singletone.Scope", "..\Services.Singletone.Scope\Services.Singletone.Scope.csproj", "{EDC7A6FC-E61D-42EF-9047-42118AAAA2DB}"
EndProject
Project("{9A19103F-16F7-4668-BE54-9A1E7A4F7556}") = "ExplosiveMemes", "..\ExplosiveMemes\ExplosiveMemes.csproj", "{542F17B7-21BE-4B7F-855A-3884D34FB57A}"
EndProject
Project("{2150E333-8FDC-42A3-9474-1A3956D46DE8}") = "Practice", "Practice", "{BFF40ADA-0CFF-49DD-ACA8-34E0FC40FD7F}"
EndProject
Project("{2150E333-8FDC-42A3-9474-1A3956D46DE8}") = "Chapter_4_Configuration", "Chapter_4_Configuration", "{1B1ABF5A-08F1-4A79-BA24-214062FB1900}"
EndProject
Project("{9A19103F-16F7-4668-BE54-9A1E7A4F7556}") = "Configurations.Basics", "..\Configurations.Basics\Configurations.Basics.csproj", "{703CB9F1-75C2-43C7-85E4-B8290A50C42B}"
EndProject
Project("{9A19103F-16F7-4668-BE54-9A1E7A4F7556}") = "Configuration.Default", "..\Configuration.Default\Configuration.Default.csproj", "{1EEF6ABB-5FB5-447D-B8AF-B969CB846CD2}"
EndProject
Project("{9A19103F-16F7-4668-BE54-9A1E7A4F7556}") = "NotFileConfiguration.CommandLine", "..\NotFileConfiguration\NotFileConfiguration.CommandLine.csproj", "{5D609D1B-5D96-477B-90D3-47537111E384}"
EndProject
Project("{9A19103F-16F7-4668-BE54-9A1E7A4F7556}") = "NotFileConfiguration.EnvironmentVariables", "..\NotFileConfiguration.EnvironmentVariables\NotFileConfiguration.EnvironmentVariables.csproj", "{326CDD14-C791-4B81-8CA7-86E159573846}"
EndProject
Project("{9A19103F-16F7-4668-BE54-9A1E7A4F7556}") = "NotFileConfiguration.Memory", "..\NotFileConfiguration.Memory\NotFileConfiguration.Memory.csproj", "{03F99C5E-96A5-4BCE-8B48-2867B3F8D082}"
EndProject
Project("{9A19103F-16F7-4668-BE54-9A1E7A4F7556}") = "FileConfiguration.Json", "..\FileConfiguration\FileConfiguration.Json.csproj", "{79F4B489-D735-4E92-A5E8-769FCEB33EAA}"
EndProject
Project("{2150E333-8FDC-42A3-9474-1A3956D46DE8}") = "NotFileConfiguration", "NotFileConfiguration", "{2A02624B-2307-4C3F-B2BB-8B2490B306ED}"
EndProject
Project("{2150E333-8FDC-42A3-9474-1A3956D46DE8}") = "FileConfiguration", "FileConfiguration", "{B71FEF9A-5666-4877-8263-3E00D78FE118}"
EndProject
Project("{9A19103F-16F7-4668-BE54-9A1E7A4F7556}") = "FileConfiguration.XML", "..\FileConfiguration.XML\FileConfiguration.XML.csproj", "{B32AB807-AB78-4F10-B864-2761B76EACE6}"
EndProject
Project("{9A19103F-16F7-4668-BE54-9A1E7A4F7556}") = "FileConfiguration.INI", "..\FileConfiguration.INI\FileConfiguration.INI.csproj", "{5F570985-51ED-4FDD-954B-5F0755219DA2}"
EndProject
Project("{2150E333-8FDC-42A3-9474-1A3956D46DE8}") = "Chapter_5", "Chapter_5", "{9CE32028-45B0-428D-9C66-3B6716E4E8CC}"
EndProject
Project("{FAE04EC0-301F-11D3-BF4B-00C04F79EFBC}") = "Cookies", "..\Cookies\Cookies.csproj", "{4946C66A-09DC-4A00-AA9F-FE89B7150E9C}"
EndProject
Project("{FAE04EC0-301F-11D3-BF4B-00C04F79EFBC}") = "Session", "..\Session\Session.csproj", "{4C023F64-EED8-4E6C-984C-AA2F4308DAF9}"
EndProject
Global
	GlobalSection(SolutionConfigurationPlatforms) = preSolution
		Debug|Any CPU = Debug|Any CPU
		Release|Any CPU = Release|Any CPU
	EndGlobalSection
	GlobalSection(ProjectConfigurationPlatforms) = postSolution
		{AF2E2E2F-8B6E-433B-BAA1-9BA5B72A0E7F}.Debug|Any CPU.ActiveCfg = Debug|Any CPU
		{AF2E2E2F-8B6E-433B-BAA1-9BA5B72A0E7F}.Debug|Any CPU.Build.0 = Debug|Any CPU
		{AF2E2E2F-8B6E-433B-BAA1-9BA5B72A0E7F}.Release|Any CPU.ActiveCfg = Release|Any CPU
		{AF2E2E2F-8B6E-433B-BAA1-9BA5B72A0E7F}.Release|Any CPU.Build.0 = Release|Any CPU
		{2A7804B0-CB51-4D76-9047-E41B83E73E57}.Debug|Any CPU.ActiveCfg = Debug|Any CPU
		{2A7804B0-CB51-4D76-9047-E41B83E73E57}.Debug|Any CPU.Build.0 = Debug|Any CPU
		{2A7804B0-CB51-4D76-9047-E41B83E73E57}.Release|Any CPU.ActiveCfg = Release|Any CPU
		{2A7804B0-CB51-4D76-9047-E41B83E73E57}.Release|Any CPU.Build.0 = Release|Any CPU
		{19581E0B-639C-469B-BF58-56AB12C2A519}.Debug|Any CPU.ActiveCfg = Debug|Any CPU
		{19581E0B-639C-469B-BF58-56AB12C2A519}.Debug|Any CPU.Build.0 = Debug|Any CPU
		{19581E0B-639C-469B-BF58-56AB12C2A519}.Release|Any CPU.ActiveCfg = Release|Any CPU
		{19581E0B-639C-469B-BF58-56AB12C2A519}.Release|Any CPU.Build.0 = Release|Any CPU
		{436184C4-149B-446B-9035-38D1F4C16B86}.Debug|Any CPU.ActiveCfg = Debug|Any CPU
		{436184C4-149B-446B-9035-38D1F4C16B86}.Debug|Any CPU.Build.0 = Debug|Any CPU
		{436184C4-149B-446B-9035-38D1F4C16B86}.Release|Any CPU.ActiveCfg = Release|Any CPU
		{436184C4-149B-446B-9035-38D1F4C16B86}.Release|Any CPU.Build.0 = Release|Any CPU
		{FB36B44D-B26C-45B6-B225-DF81D76908A4}.Debug|Any CPU.ActiveCfg = Debug|Any CPU
		{FB36B44D-B26C-45B6-B225-DF81D76908A4}.Debug|Any CPU.Build.0 = Debug|Any CPU
		{FB36B44D-B26C-45B6-B225-DF81D76908A4}.Release|Any CPU.ActiveCfg = Release|Any CPU
		{FB36B44D-B26C-45B6-B225-DF81D76908A4}.Release|Any CPU.Build.0 = Release|Any CPU
		{2BB67A5F-AEDA-424B-B343-84F04B6D33F4}.Debug|Any CPU.ActiveCfg = Debug|Any CPU
		{2BB67A5F-AEDA-424B-B343-84F04B6D33F4}.Debug|Any CPU.Build.0 = Debug|Any CPU
		{2BB67A5F-AEDA-424B-B343-84F04B6D33F4}.Release|Any CPU.ActiveCfg = Release|Any CPU
		{2BB67A5F-AEDA-424B-B343-84F04B6D33F4}.Release|Any CPU.Build.0 = Release|Any CPU
		{2C5DEBE5-9D0B-4372-B56D-B88DAFA58F65}.Debug|Any CPU.ActiveCfg = Debug|Any CPU
		{2C5DEBE5-9D0B-4372-B56D-B88DAFA58F65}.Debug|Any CPU.Build.0 = Debug|Any CPU
		{2C5DEBE5-9D0B-4372-B56D-B88DAFA58F65}.Release|Any CPU.ActiveCfg = Release|Any CPU
		{2C5DEBE5-9D0B-4372-B56D-B88DAFA58F65}.Release|Any CPU.Build.0 = Release|Any CPU
		{E5068462-3A6D-4139-AE82-89F310D574D2}.Debug|Any CPU.ActiveCfg = Debug|Any CPU
		{E5068462-3A6D-4139-AE82-89F310D574D2}.Debug|Any CPU.Build.0 = Debug|Any CPU
		{E5068462-3A6D-4139-AE82-89F310D574D2}.Release|Any CPU.ActiveCfg = Release|Any CPU
		{E5068462-3A6D-4139-AE82-89F310D574D2}.Release|Any CPU.Build.0 = Release|Any CPU
		{EDC7A6FC-E61D-42EF-9047-42118AAAA2DB}.Debug|Any CPU.ActiveCfg = Debug|Any CPU
		{EDC7A6FC-E61D-42EF-9047-42118AAAA2DB}.Debug|Any CPU.Build.0 = Debug|Any CPU
		{EDC7A6FC-E61D-42EF-9047-42118AAAA2DB}.Release|Any CPU.ActiveCfg = Release|Any CPU
		{EDC7A6FC-E61D-42EF-9047-42118AAAA2DB}.Release|Any CPU.Build.0 = Release|Any CPU
		{542F17B7-21BE-4B7F-855A-3884D34FB57A}.Debug|Any CPU.ActiveCfg = Debug|Any CPU
		{542F17B7-21BE-4B7F-855A-3884D34FB57A}.Debug|Any CPU.Build.0 = Debug|Any CPU
		{542F17B7-21BE-4B7F-855A-3884D34FB57A}.Release|Any CPU.ActiveCfg = Release|Any CPU
		{542F17B7-21BE-4B7F-855A-3884D34FB57A}.Release|Any CPU.Build.0 = Release|Any CPU
		{703CB9F1-75C2-43C7-85E4-B8290A50C42B}.Debug|Any CPU.ActiveCfg = Debug|Any CPU
		{703CB9F1-75C2-43C7-85E4-B8290A50C42B}.Debug|Any CPU.Build.0 = Debug|Any CPU
		{703CB9F1-75C2-43C7-85E4-B8290A50C42B}.Release|Any CPU.ActiveCfg = Release|Any CPU
		{703CB9F1-75C2-43C7-85E4-B8290A50C42B}.Release|Any CPU.Build.0 = Release|Any CPU
		{1EEF6ABB-5FB5-447D-B8AF-B969CB846CD2}.Debug|Any CPU.ActiveCfg = Debug|Any CPU
		{1EEF6ABB-5FB5-447D-B8AF-B969CB846CD2}.Debug|Any CPU.Build.0 = Debug|Any CPU
		{1EEF6ABB-5FB5-447D-B8AF-B969CB846CD2}.Release|Any CPU.ActiveCfg = Release|Any CPU
		{1EEF6ABB-5FB5-447D-B8AF-B969CB846CD2}.Release|Any CPU.Build.0 = Release|Any CPU
		{5D609D1B-5D96-477B-90D3-47537111E384}.Debug|Any CPU.ActiveCfg = Debug|Any CPU
		{5D609D1B-5D96-477B-90D3-47537111E384}.Debug|Any CPU.Build.0 = Debug|Any CPU
		{5D609D1B-5D96-477B-90D3-47537111E384}.Release|Any CPU.ActiveCfg = Release|Any CPU
		{5D609D1B-5D96-477B-90D3-47537111E384}.Release|Any CPU.Build.0 = Release|Any CPU
		{326CDD14-C791-4B81-8CA7-86E159573846}.Debug|Any CPU.ActiveCfg = Debug|Any CPU
		{326CDD14-C791-4B81-8CA7-86E159573846}.Debug|Any CPU.Build.0 = Debug|Any CPU
		{326CDD14-C791-4B81-8CA7-86E159573846}.Release|Any CPU.ActiveCfg = Release|Any CPU
		{326CDD14-C791-4B81-8CA7-86E159573846}.Release|Any CPU.Build.0 = Release|Any CPU
		{03F99C5E-96A5-4BCE-8B48-2867B3F8D082}.Debug|Any CPU.ActiveCfg = Debug|Any CPU
		{03F99C5E-96A5-4BCE-8B48-2867B3F8D082}.Debug|Any CPU.Build.0 = Debug|Any CPU
		{03F99C5E-96A5-4BCE-8B48-2867B3F8D082}.Release|Any CPU.ActiveCfg = Release|Any CPU
		{03F99C5E-96A5-4BCE-8B48-2867B3F8D082}.Release|Any CPU.Build.0 = Release|Any CPU
		{79F4B489-D735-4E92-A5E8-769FCEB33EAA}.Debug|Any CPU.ActiveCfg = Debug|Any CPU
		{79F4B489-D735-4E92-A5E8-769FCEB33EAA}.Debug|Any CPU.Build.0 = Debug|Any CPU
		{79F4B489-D735-4E92-A5E8-769FCEB33EAA}.Release|Any CPU.ActiveCfg = Release|Any CPU
		{79F4B489-D735-4E92-A5E8-769FCEB33EAA}.Release|Any CPU.Build.0 = Release|Any CPU
		{B32AB807-AB78-4F10-B864-2761B76EACE6}.Debug|Any CPU.ActiveCfg = Debug|Any CPU
		{B32AB807-AB78-4F10-B864-2761B76EACE6}.Debug|Any CPU.Build.0 = Debug|Any CPU
		{B32AB807-AB78-4F10-B864-2761B76EACE6}.Release|Any CPU.ActiveCfg = Release|Any CPU
		{B32AB807-AB78-4F10-B864-2761B76EACE6}.Release|Any CPU.Build.0 = Release|Any CPU
		{5F570985-51ED-4FDD-954B-5F0755219DA2}.Debug|Any CPU.ActiveCfg = Debug|Any CPU
		{5F570985-51ED-4FDD-954B-5F0755219DA2}.Debug|Any CPU.Build.0 = Debug|Any CPU
		{5F570985-51ED-4FDD-954B-5F0755219DA2}.Release|Any CPU.ActiveCfg = Release|Any CPU
		{5F570985-51ED-4FDD-954B-5F0755219DA2}.Release|Any CPU.Build.0 = Release|Any CPU
		{4946C66A-09DC-4A00-AA9F-FE89B7150E9C}.Debug|Any CPU.ActiveCfg = Debug|Any CPU
		{4946C66A-09DC-4A00-AA9F-FE89B7150E9C}.Debug|Any CPU.Build.0 = Debug|Any CPU
		{4946C66A-09DC-4A00-AA9F-FE89B7150E9C}.Release|Any CPU.ActiveCfg = Release|Any CPU
		{4946C66A-09DC-4A00-AA9F-FE89B7150E9C}.Release|Any CPU.Build.0 = Release|Any CPU
		{4C023F64-EED8-4E6C-984C-AA2F4308DAF9}.Debug|Any CPU.ActiveCfg = Debug|Any CPU
		{4C023F64-EED8-4E6C-984C-AA2F4308DAF9}.Debug|Any CPU.Build.0 = Debug|Any CPU
		{4C023F64-EED8-4E6C-984C-AA2F4308DAF9}.Release|Any CPU.ActiveCfg = Release|Any CPU
		{4C023F64-EED8-4E6C-984C-AA2F4308DAF9}.Release|Any CPU.Build.0 = Release|Any CPU
	EndGlobalSection
	GlobalSection(SolutionProperties) = preSolution
		HideSolutionNode = FALSE
	EndGlobalSection
	GlobalSection(NestedProjects) = preSolution
		{2A7804B0-CB51-4D76-9047-E41B83E73E57} = {21AFFB01-74BA-4379-8BE5-5D8635635437}
		{19581E0B-639C-469B-BF58-56AB12C2A519} = {21AFFB01-74BA-4379-8BE5-5D8635635437}
		{436184C4-149B-446B-9035-38D1F4C16B86} = {57FE9F6A-F73F-4536-B4B3-FC8A8606ADD8}
		{FB36B44D-B26C-45B6-B225-DF81D76908A4} = {57FE9F6A-F73F-4536-B4B3-FC8A8606ADD8}
		{2BB67A5F-AEDA-424B-B343-84F04B6D33F4} = {57FE9F6A-F73F-4536-B4B3-FC8A8606ADD8}
		{2C5DEBE5-9D0B-4372-B56D-B88DAFA58F65} = {57FE9F6A-F73F-4536-B4B3-FC8A8606ADD8}
		{E5068462-3A6D-4139-AE82-89F310D574D2} = {57FE9F6A-F73F-4536-B4B3-FC8A8606ADD8}
		{EDC7A6FC-E61D-42EF-9047-42118AAAA2DB} = {57FE9F6A-F73F-4536-B4B3-FC8A8606ADD8}
		{542F17B7-21BE-4B7F-855A-3884D34FB57A} = {BFF40ADA-0CFF-49DD-ACA8-34E0FC40FD7F}
		{703CB9F1-75C2-43C7-85E4-B8290A50C42B} = {1B1ABF5A-08F1-4A79-BA24-214062FB1900}
		{1EEF6ABB-5FB5-447D-B8AF-B969CB846CD2} = {1B1ABF5A-08F1-4A79-BA24-214062FB1900}
		{5D609D1B-5D96-477B-90D3-47537111E384} = {2A02624B-2307-4C3F-B2BB-8B2490B306ED}
		{326CDD14-C791-4B81-8CA7-86E159573846} = {2A02624B-2307-4C3F-B2BB-8B2490B306ED}
		{03F99C5E-96A5-4BCE-8B48-2867B3F8D082} = {2A02624B-2307-4C3F-B2BB-8B2490B306ED}
		{79F4B489-D735-4E92-A5E8-769FCEB33EAA} = {B71FEF9A-5666-4877-8263-3E00D78FE118}
		{2A02624B-2307-4C3F-B2BB-8B2490B306ED} = {1B1ABF5A-08F1-4A79-BA24-214062FB1900}
		{B71FEF9A-5666-4877-8263-3E00D78FE118} = {1B1ABF5A-08F1-4A79-BA24-214062FB1900}
		{B32AB807-AB78-4F10-B864-2761B76EACE6} = {B71FEF9A-5666-4877-8263-3E00D78FE118}
		{5F570985-51ED-4FDD-954B-5F0755219DA2} = {B71FEF9A-5666-4877-8263-3E00D78FE118}
		{4946C66A-09DC-4A00-AA9F-FE89B7150E9C} = {9CE32028-45B0-428D-9C66-3B6716E4E8CC}
		{4C023F64-EED8-4E6C-984C-AA2F4308DAF9} = {9CE32028-45B0-428D-9C66-3B6716E4E8CC}
	EndGlobalSection
	GlobalSection(ExtensibilityGlobals) = postSolution
		SolutionGuid = {202068A2-3058-4974-831F-4CA3D959E848}
	EndGlobalSection
EndGlobal
