
Microsoft Visual Studio Solution File, Format Version 12.00
# Visual Studio Version 16
VisualStudioVersion = 16.0.30011.22
MinimumVisualStudioVersion = 10.0.40219.1
Project("{9A19103F-16F7-4668-BE54-9A1E7A4F7556}") = "LearnProject", "LearnProject.csproj", "{AF2E2E2F-8B6E-433B-BAA1-9BA5B72A0E7F}"
EndProject
Project("{2150E333-8FDC-42A3-9474-1A3956D46DE8}") = "Chapter_2_Basics", "Chapter_2_Basics", "{21AFFB01-74BA-4379-8BE5-5D8635635437}"
EndProject
Project("{9A19103F-16F7-4668-BE54-9A1E7A4F7556}") = "ErrorProcessing", "..\ErrorProcessing\ErrorProcessing.csproj", "{2A7804B0-CB51-4D76-9047-E41B83E73E57}"
EndProject
Project("{9A19103F-16F7-4668-BE54-9A1E7A4F7556}") = "HTTPS", "..\HTTPS\HTTPS.csproj", "{19581E0B-639C-469B-BF58-56AB12C2A519}"
EndProject
Project("{2150E333-8FDC-42A3-9474-1A3956D46DE8}") = "Chapter_3_DI", "Chapter_3_DI", "{57FE9F6A-F73F-4536-B4B3-FC8A8606ADD8}"
EndProject
Project("{9A19103F-16F7-4668-BE54-9A1E7A4F7556}") = "Services.ConfigureServices", "..\Services.ConfigureServices\Services.ConfigureServices.csproj", "{436184C4-149B-446B-9035-38D1F4C16B86}"
EndProject
Project("{9A19103F-16F7-4668-BE54-9A1E7A4F7556}") = "Services.CreateOwnServices", "..\Services.CreateOwnServices\Services.CreateOwnServices.csproj", "{FB36B44D-B26C-45B6-B225-DF81D76908A4}"
EndProject
Project("{9A19103F-16F7-4668-BE54-9A1E7A4F7556}") = "Services.PassDependencies", "..\Services.PassDependencies\Services.PassDependencies.csproj", "{2BB67A5F-AEDA-424B-B343-84F04B6D33F4}"
EndProject
Project("{9A19103F-16F7-4668-BE54-9A1E7A4F7556}") = "Services.LifeCircle", "..\Services.LifeCircle\Services.LifeCircle.csproj", "{2C5DEBE5-9D0B-4372-B56D-B88DAFA58F65}"
EndProject
Project("{FAE04EC0-301F-11D3-BF4B-00C04F79EFBC}") = "Services.Middleware", "..\Services.Middleware\Services.Middleware.csproj", "{E5068462-3A6D-4139-AE82-89F310D574D2}"
EndProject
Project("{FAE04EC0-301F-11D3-BF4B-00C04F79EFBC}") = "Services.Singletone.Scope", "..\Services.Singletone.Scope\Services.Singletone.Scope.csproj", "{EDC7A6FC-E61D-42EF-9047-42118AAAA2DB}"
EndProject
Global
	GlobalSection(SolutionConfigurationPlatforms) = preSolution
		Debug|Any CPU = Debug|Any CPU
		Release|Any CPU = Release|Any CPU
	EndGlobalSection
	GlobalSection(ProjectConfigurationPlatforms) = postSolution
		{AF2E2E2F-8B6E-433B-BAA1-9BA5B72A0E7F}.Debug|Any CPU.ActiveCfg = Debug|Any CPU
		{AF2E2E2F-8B6E-433B-BAA1-9BA5B72A0E7F}.Debug|Any CPU.Build.0 = Debug|Any CPU
		{AF2E2E2F-8B6E-433B-BAA1-9BA5B72A0E7F}.Release|Any CPU.ActiveCfg = Release|Any CPU
		{AF2E2E2F-8B6E-433B-BAA1-9BA5B72A0E7F}.Release|Any CPU.Build.0 = Release|Any CPU
		{2A7804B0-CB51-4D76-9047-E41B83E73E57}.Debug|Any CPU.ActiveCfg = Debug|Any CPU
		{2A7804B0-CB51-4D76-9047-E41B83E73E57}.Debug|Any CPU.Build.0 = Debug|Any CPU
		{2A7804B0-CB51-4D76-9047-E41B83E73E57}.Release|Any CPU.ActiveCfg = Release|Any CPU
		{2A7804B0-CB51-4D76-9047-E41B83E73E57}.Release|Any CPU.Build.0 = Release|Any CPU
		{19581E0B-639C-469B-BF58-56AB12C2A519}.Debug|Any CPU.ActiveCfg = Debug|Any CPU
		{19581E0B-639C-469B-BF58-56AB12C2A519}.Debug|Any CPU.Build.0 = Debug|Any CPU
		{19581E0B-639C-469B-BF58-56AB12C2A519}.Release|Any CPU.ActiveCfg = Release|Any CPU
		{19581E0B-639C-469B-BF58-56AB12C2A519}.Release|Any CPU.Build.0 = Release|Any CPU
		{436184C4-149B-446B-9035-38D1F4C16B86}.Debug|Any CPU.ActiveCfg = Debug|Any CPU
		{436184C4-149B-446B-9035-38D1F4C16B86}.Debug|Any CPU.Build.0 = Debug|Any CPU
		{436184C4-149B-446B-9035-38D1F4C16B86}.Release|Any CPU.ActiveCfg = Release|Any CPU
		{436184C4-149B-446B-9035-38D1F4C16B86}.Release|Any CPU.Build.0 = Release|Any CPU
		{FB36B44D-B26C-45B6-B225-DF81D76908A4}.Debug|Any CPU.ActiveCfg = Debug|Any CPU
		{FB36B44D-B26C-45B6-B225-DF81D76908A4}.Debug|Any CPU.Build.0 = Debug|Any CPU
		{FB36B44D-B26C-45B6-B225-DF81D76908A4}.Release|Any CPU.ActiveCfg = Release|Any CPU
		{FB36B44D-B26C-45B6-B225-DF81D76908A4}.Release|Any CPU.Build.0 = Release|Any CPU
		{2BB67A5F-AEDA-424B-B343-84F04B6D33F4}.Debug|Any CPU.ActiveCfg = Debug|Any CPU
		{2BB67A5F-AEDA-424B-B343-84F04B6D33F4}.Debug|Any CPU.Build.0 = Debug|Any CPU
		{2BB67A5F-AEDA-424B-B343-84F04B6D33F4}.Release|Any CPU.ActiveCfg = Release|Any CPU
		{2BB67A5F-AEDA-424B-B343-84F04B6D33F4}.Release|Any CPU.Build.0 = Release|Any CPU
		{2C5DEBE5-9D0B-4372-B56D-B88DAFA58F65}.Debug|Any CPU.ActiveCfg = Debug|Any CPU
		{2C5DEBE5-9D0B-4372-B56D-B88DAFA58F65}.Debug|Any CPU.Build.0 = Debug|Any CPU
		{2C5DEBE5-9D0B-4372-B56D-B88DAFA58F65}.Release|Any CPU.ActiveCfg = Release|Any CPU
		{2C5DEBE5-9D0B-4372-B56D-B88DAFA58F65}.Release|Any CPU.Build.0 = Release|Any CPU
		{E5068462-3A6D-4139-AE82-89F310D574D2}.Debug|Any CPU.ActiveCfg = Debug|Any CPU
		{E5068462-3A6D-4139-AE82-89F310D574D2}.Debug|Any CPU.Build.0 = Debug|Any CPU
		{E5068462-3A6D-4139-AE82-89F310D574D2}.Release|Any CPU.ActiveCfg = Release|Any CPU
		{E5068462-3A6D-4139-AE82-89F310D574D2}.Release|Any CPU.Build.0 = Release|Any CPU
		{EDC7A6FC-E61D-42EF-9047-42118AAAA2DB}.Debug|Any CPU.ActiveCfg = Debug|Any CPU
		{EDC7A6FC-E61D-42EF-9047-42118AAAA2DB}.Debug|Any CPU.Build.0 = Debug|Any CPU
		{EDC7A6FC-E61D-42EF-9047-42118AAAA2DB}.Release|Any CPU.ActiveCfg = Release|Any CPU
		{EDC7A6FC-E61D-42EF-9047-42118AAAA2DB}.Release|Any CPU.Build.0 = Release|Any CPU
	EndGlobalSection
	GlobalSection(SolutionProperties) = preSolution
		HideSolutionNode = FALSE
	EndGlobalSection
	GlobalSection(NestedProjects) = preSolution
		{2A7804B0-CB51-4D76-9047-E41B83E73E57} = {21AFFB01-74BA-4379-8BE5-5D8635635437}
		{19581E0B-639C-469B-BF58-56AB12C2A519} = {21AFFB01-74BA-4379-8BE5-5D8635635437}
		{436184C4-149B-446B-9035-38D1F4C16B86} = {57FE9F6A-F73F-4536-B4B3-FC8A8606ADD8}
		{FB36B44D-B26C-45B6-B225-DF81D76908A4} = {57FE9F6A-F73F-4536-B4B3-FC8A8606ADD8}
		{2BB67A5F-AEDA-424B-B343-84F04B6D33F4} = {57FE9F6A-F73F-4536-B4B3-FC8A8606ADD8}
		{2C5DEBE5-9D0B-4372-B56D-B88DAFA58F65} = {57FE9F6A-F73F-4536-B4B3-FC8A8606ADD8}
		{E5068462-3A6D-4139-AE82-89F310D574D2} = {57FE9F6A-F73F-4536-B4B3-FC8A8606ADD8}
		{EDC7A6FC-E61D-42EF-9047-42118AAAA2DB} = {57FE9F6A-F73F-4536-B4B3-FC8A8606ADD8}
	EndGlobalSection
	GlobalSection(ExtensibilityGlobals) = postSolution
		SolutionGuid = {202068A2-3058-4974-831F-4CA3D959E848}
	EndGlobalSection
EndGlobal
